{
  "name": "wallace-cli",
  "version": "3.0.0-alpha.0",
  "lockfileVersion": 2,
  "requires": true,
  "packages": {
    "": {
      "name": "wallace-cli",
      "version": "3.0.0-alpha.0",
      "license": "MIT",
      "dependencies": {
        "@projectwallace/css-analyzer": "^5.7.1",
        "picocolors": "^1.0.0"
      },
      "bin": {
        "wallace": "dist/cli.js"
      },
      "devDependencies": {
        "esbuild": "^0.16.14",
        "uvu": "^0.5.6"
      },
      "engines": {
        "node": ">=8"
      }
    },
    "node_modules/@bramus/specificity": {
      "version": "2.2.0",
      "resolved": "https://registry.npmjs.org/@bramus/specificity/-/specificity-2.2.0.tgz",
      "integrity": "sha512-75yrCYDCwWNHCw//6E+4eZYRCMib5HxXqSjwUMLamlinZGKE6IpaAHn8a6QY1eqZxUIl3B/V9pth+ZC9hLoIzg==",
      "dependencies": {
        "css-tree": "^2.3.1"
      },
      "bin": {
        "specificity": "bin/cli.js"
      }
    },
    "node_modules/@esbuild/android-arm": {
      "version": "0.16.14",
      "resolved": "https://registry.npmjs.org/@esbuild/android-arm/-/android-arm-0.16.14.tgz",
      "integrity": "sha512-u0rITLxFIeYAvtJXBQNhNuV4YZe+MD1YvIWT7Nicj8hZAtRVZk2PgNH6KclcKDVHz1ChLKXRfX7d7tkbQBUfrg==",
      "cpu": [
        "arm"
      ],
      "dev": true,
      "optional": true,
      "os": [
        "android"
      ],
      "engines": {
        "node": ">=12"
      }
    },
    "node_modules/@esbuild/android-arm64": {
      "version": "0.16.14",
      "resolved": "https://registry.npmjs.org/@esbuild/android-arm64/-/android-arm64-0.16.14.tgz",
      "integrity": "sha512-hTqB6Iq13pW4xaydeqQrs8vPntUnMjbkq+PgGiBMi69eYk74naG2ftHWqKnxn874kNrt5Or3rQ0PJutx2doJuQ==",
      "cpu": [
        "arm64"
      ],
      "dev": true,
      "optional": true,
      "os": [
        "android"
      ],
      "engines": {
        "node": ">=12"
      }
    },
    "node_modules/@esbuild/android-x64": {
      "version": "0.16.14",
      "resolved": "https://registry.npmjs.org/@esbuild/android-x64/-/android-x64-0.16.14.tgz",
      "integrity": "sha512-jir51K4J0K5Rt0KOcippjSNdOl7akKDVz5I6yrqdk4/m9y+rldGptQUF7qU4YpX8U61LtR+w2Tu2Ph+K/UaJOw==",
      "cpu": [
        "x64"
      ],
      "dev": true,
      "optional": true,
      "os": [
        "android"
      ],
      "engines": {
        "node": ">=12"
      }
    },
    "node_modules/@esbuild/darwin-arm64": {
      "version": "0.16.14",
      "resolved": "https://registry.npmjs.org/@esbuild/darwin-arm64/-/darwin-arm64-0.16.14.tgz",
      "integrity": "sha512-vrlaP81IuwPaw1fyX8fHCmivP3Gr73ojVEZy+oWJLAiZVcG8o8Phwun/XDnYIFUHxIoUnMFEpg9o38MIvlw8zw==",
      "cpu": [
        "arm64"
      ],
      "dev": true,
      "optional": true,
      "os": [
        "darwin"
      ],
      "engines": {
        "node": ">=12"
      }
    },
    "node_modules/@esbuild/darwin-x64": {
      "version": "0.16.14",
      "resolved": "https://registry.npmjs.org/@esbuild/darwin-x64/-/darwin-x64-0.16.14.tgz",
      "integrity": "sha512-KV1E01eC2hGYA2qzFDRCK4wdZCRUvMwCNcobgpiiOzp5QXpJBqFPdxI69j8vvzuU7oxFXDgANwEkXvpeQqyOyg==",
      "cpu": [
        "x64"
      ],
      "dev": true,
      "optional": true,
      "os": [
        "darwin"
      ],
      "engines": {
        "node": ">=12"
      }
    },
    "node_modules/@esbuild/freebsd-arm64": {
      "version": "0.16.14",
      "resolved": "https://registry.npmjs.org/@esbuild/freebsd-arm64/-/freebsd-arm64-0.16.14.tgz",
      "integrity": "sha512-xRM1RQsazSvL42BNa5XC7ytD4ZDp0ZyJcH7aB0SlYUcHexJUKiDNKR7dlRVlpt6W0DvoRPU2nWK/9/QWS4u2fw==",
      "cpu": [
        "arm64"
      ],
      "dev": true,
      "optional": true,
      "os": [
        "freebsd"
      ],
      "engines": {
        "node": ">=12"
      }
    },
    "node_modules/@esbuild/freebsd-x64": {
      "version": "0.16.14",
      "resolved": "https://registry.npmjs.org/@esbuild/freebsd-x64/-/freebsd-x64-0.16.14.tgz",
      "integrity": "sha512-7ALTAn6YRRf1O6fw9jmn0rWmOx3XfwDo7njGtjy1LXhDGUjTY/vohEPM3ii5MQ411vJv1r498EEx2aBQTJcrEw==",
      "cpu": [
        "x64"
      ],
      "dev": true,
      "optional": true,
      "os": [
        "freebsd"
      ],
      "engines": {
        "node": ">=12"
      }
    },
    "node_modules/@esbuild/linux-arm": {
      "version": "0.16.14",
      "resolved": "https://registry.npmjs.org/@esbuild/linux-arm/-/linux-arm-0.16.14.tgz",
      "integrity": "sha512-X6xULug66ulrr4IzrW7qq+eq9n4MtEyagdWvj4o4cmWr+JXOT47atjpDF9j5M2zHY0UQBmqnHhwl+tXpkpIb2w==",
      "cpu": [
        "arm"
      ],
      "dev": true,
      "optional": true,
      "os": [
        "linux"
      ],
      "engines": {
        "node": ">=12"
      }
    },
    "node_modules/@esbuild/linux-arm64": {
      "version": "0.16.14",
      "resolved": "https://registry.npmjs.org/@esbuild/linux-arm64/-/linux-arm64-0.16.14.tgz",
      "integrity": "sha512-TLh2OcbBUQcMYRH4GbiDkDZfZ4t1A3GgmeXY27dHSI6xrU7IkO00MGBiJySmEV6sH3Wa6pAN6UtaVL0DwkGW4Q==",
      "cpu": [
        "arm64"
      ],
      "dev": true,
      "optional": true,
      "os": [
        "linux"
      ],
      "engines": {
        "node": ">=12"
      }
    },
    "node_modules/@esbuild/linux-ia32": {
      "version": "0.16.14",
      "resolved": "https://registry.npmjs.org/@esbuild/linux-ia32/-/linux-ia32-0.16.14.tgz",
      "integrity": "sha512-oBZkcZ56UZDFCAfE3Fd/Jgy10EoS7Td77NzNGenM+HSY8BkdQAcI9VF9qgwdOLZ+tuftWD7UqZ26SAhtvA3XhA==",
      "cpu": [
        "ia32"
      ],
      "dev": true,
      "optional": true,
      "os": [
        "linux"
      ],
      "engines": {
        "node": ">=12"
      }
    },
    "node_modules/@esbuild/linux-loong64": {
      "version": "0.16.14",
      "resolved": "https://registry.npmjs.org/@esbuild/linux-loong64/-/linux-loong64-0.16.14.tgz",
      "integrity": "sha512-udz/aEHTcuHP+xdWOJmZ5C9RQXHfZd/EhCnTi1Hfay37zH3lBxn/fNs85LA9HlsniFw2zccgcbrrTMKk7Cn1Qg==",
      "cpu": [
        "loong64"
      ],
      "dev": true,
      "optional": true,
      "os": [
        "linux"
      ],
      "engines": {
        "node": ">=12"
      }
    },
    "node_modules/@esbuild/linux-mips64el": {
      "version": "0.16.14",
      "resolved": "https://registry.npmjs.org/@esbuild/linux-mips64el/-/linux-mips64el-0.16.14.tgz",
      "integrity": "sha512-kJ2iEnikUOdC1SiTGbH0fJUgpZwa0ITDTvj9EHf9lm3I0hZ4Yugsb3M6XSl696jVxrEocLe519/8CbSpQWFSrg==",
      "cpu": [
        "mips64el"
      ],
      "dev": true,
      "optional": true,
      "os": [
        "linux"
      ],
      "engines": {
        "node": ">=12"
      }
    },
    "node_modules/@esbuild/linux-ppc64": {
      "version": "0.16.14",
      "resolved": "https://registry.npmjs.org/@esbuild/linux-ppc64/-/linux-ppc64-0.16.14.tgz",
      "integrity": "sha512-kclKxvZvX5YhykwlJ/K9ljiY4THe5vXubXpWmr7q3Zu3WxKnUe1VOZmhkEZlqtnJx31GHPEV4SIG95IqTdfgfg==",
      "cpu": [
        "ppc64"
      ],
      "dev": true,
      "optional": true,
      "os": [
        "linux"
      ],
      "engines": {
        "node": ">=12"
      }
    },
    "node_modules/@esbuild/linux-riscv64": {
      "version": "0.16.14",
      "resolved": "https://registry.npmjs.org/@esbuild/linux-riscv64/-/linux-riscv64-0.16.14.tgz",
      "integrity": "sha512-fdwP9Dc+Kx/cZwp9T9kNqjAE/PQjfrxbio4rZ3XnC3cVvZBjuxpkiyu/tuCwt6SbAK5th6AYNjFdEV9kGC020A==",
      "cpu": [
        "riscv64"
      ],
      "dev": true,
      "optional": true,
      "os": [
        "linux"
      ],
      "engines": {
        "node": ">=12"
      }
    },
    "node_modules/@esbuild/linux-s390x": {
      "version": "0.16.14",
      "resolved": "https://registry.npmjs.org/@esbuild/linux-s390x/-/linux-s390x-0.16.14.tgz",
      "integrity": "sha512-++fw3P4fQk9nqvdzbANRqimKspL8pDCnSpXomyhV7V/ISha/BZIYvZwLBWVKp9CVWKwWPJ4ktsezuLIvlJRHqA==",
      "cpu": [
        "s390x"
      ],
      "dev": true,
      "optional": true,
      "os": [
        "linux"
      ],
      "engines": {
        "node": ">=12"
      }
    },
    "node_modules/@esbuild/linux-x64": {
      "version": "0.16.14",
      "resolved": "https://registry.npmjs.org/@esbuild/linux-x64/-/linux-x64-0.16.14.tgz",
      "integrity": "sha512-TomtswAuzBf2NnddlrS4W01Tv85RM9YtATB3OugY6On0PLM4Ksz5qvQKVAjtzPKoLgL1FiZtfc8mkZc4IgoMEA==",
      "cpu": [
        "x64"
      ],
      "dev": true,
      "optional": true,
      "os": [
        "linux"
      ],
      "engines": {
        "node": ">=12"
      }
    },
    "node_modules/@esbuild/netbsd-x64": {
      "version": "0.16.14",
      "resolved": "https://registry.npmjs.org/@esbuild/netbsd-x64/-/netbsd-x64-0.16.14.tgz",
      "integrity": "sha512-U06pfx8P5CqyoPNfqIJmnf+5/r4mJ1S62G4zE6eOjS59naQcxi6GnscUCPH3b+hRG0qdKoGX49RAyiqW+M9aSw==",
      "cpu": [
        "x64"
      ],
      "dev": true,
      "optional": true,
      "os": [
        "netbsd"
      ],
      "engines": {
        "node": ">=12"
      }
    },
    "node_modules/@esbuild/openbsd-x64": {
      "version": "0.16.14",
      "resolved": "https://registry.npmjs.org/@esbuild/openbsd-x64/-/openbsd-x64-0.16.14.tgz",
      "integrity": "sha512-/Jl8XVaWEZNu9rZw+n792GIBupQwHo6GDoapHSb/2xp/Ku28eK6QpR2O9cPBkzHH4OOoMH0LB6zg/qczJ5TTGg==",
      "cpu": [
        "x64"
      ],
      "dev": true,
      "optional": true,
      "os": [
        "openbsd"
      ],
      "engines": {
        "node": ">=12"
      }
    },
    "node_modules/@esbuild/sunos-x64": {
      "version": "0.16.14",
      "resolved": "https://registry.npmjs.org/@esbuild/sunos-x64/-/sunos-x64-0.16.14.tgz",
      "integrity": "sha512-2iI7D34uTbDn/TaSiUbEHz+fUa8KbN90vX5yYqo12QGpu6T8Jl+kxODsWuMCwoTVlqUpwfPV22nBbFPME9OPtw==",
      "cpu": [
        "x64"
      ],
      "dev": true,
      "optional": true,
      "os": [
        "sunos"
      ],
      "engines": {
        "node": ">=12"
      }
    },
    "node_modules/@esbuild/win32-arm64": {
      "version": "0.16.14",
      "resolved": "https://registry.npmjs.org/@esbuild/win32-arm64/-/win32-arm64-0.16.14.tgz",
      "integrity": "sha512-SjlM7AHmQVTiGBJE/nqauY1aDh80UBsXZ94g4g60CDkrDMseatiqALVcIuElg4ZSYzJs8hsg5W6zS2zLpZTVgg==",
      "cpu": [
        "arm64"
      ],
      "dev": true,
      "optional": true,
      "os": [
        "win32"
      ],
      "engines": {
        "node": ">=12"
      }
    },
    "node_modules/@esbuild/win32-ia32": {
      "version": "0.16.14",
      "resolved": "https://registry.npmjs.org/@esbuild/win32-ia32/-/win32-ia32-0.16.14.tgz",
      "integrity": "sha512-z06t5zqk8ak0Xom5HG81z2iOQ1hNWYsFQp3sczVLVx+dctWdgl80tNRyTbwjaFfui2vFO12dfE3trCTvA+HO4g==",
      "cpu": [
        "ia32"
      ],
      "dev": true,
      "optional": true,
      "os": [
        "win32"
      ],
      "engines": {
        "node": ">=12"
      }
    },
    "node_modules/@esbuild/win32-x64": {
      "version": "0.16.14",
      "resolved": "https://registry.npmjs.org/@esbuild/win32-x64/-/win32-x64-0.16.14.tgz",
      "integrity": "sha512-ED1UpWcM6lAbalbbQ9TrGqJh4Y9TaASUvu8bI/0mgJcxhSByJ6rbpgqRhxYMaQ682WfA71nxUreaTO7L275zrw==",
      "cpu": [
        "x64"
      ],
      "dev": true,
      "optional": true,
      "os": [
        "win32"
      ],
      "engines": {
        "node": ">=12"
      }
    },
    "node_modules/@projectwallace/css-analyzer": {
      "version": "5.7.1",
      "resolved": "https://registry.npmjs.org/@projectwallace/css-analyzer/-/css-analyzer-5.7.1.tgz",
      "integrity": "sha512-KDc4LzatdbKyuomIBzefZ6mA4s9eAWsWOUgDxabwoLSwYle/NqDHoPK080yjymKwpQrHlp3iEbSr757jeySTXA==",
      "dependencies": {
        "@bramus/specificity": "^2.2.0",
        "css-tree": "^2.3.1"
      },
      "engines": {
        "node": "^12.20.0 || ^14.13.1 || >=16.0.0"
      }
    },
    "node_modules/css-tree": {
      "version": "2.3.1",
      "resolved": "https://registry.npmjs.org/css-tree/-/css-tree-2.3.1.tgz",
      "integrity": "sha512-6Fv1DV/TYw//QF5IzQdqsNDjx/wc8TrMBZsqjL9eW01tWb7R7k/mq+/VXfJCl7SoD5emsJop9cOByJZfs8hYIw==",
      "dependencies": {
        "mdn-data": "2.0.30",
        "source-map-js": "^1.0.1"
      },
      "engines": {
        "node": "^10 || ^12.20.0 || ^14.13.0 || >=15.0.0"
      }
    },
    "node_modules/dequal": {
      "version": "2.0.2",
      "resolved": "https://registry.npmjs.org/dequal/-/dequal-2.0.2.tgz",
      "integrity": "sha512-q9K8BlJVxK7hQYqa6XISGmBZbtQQWVXSrRrWreHC94rMt1QL/Impruc+7p2CYSYuVIUr+YCt6hjrs1kkdJRTug==",
      "dev": true,
      "engines": {
        "node": ">=6"
      }
    },
    "node_modules/diff": {
      "version": "5.0.0",
      "resolved": "https://registry.npmjs.org/diff/-/diff-5.0.0.tgz",
      "integrity": "sha512-/VTCrvm5Z0JGty/BWHljh+BAiw3IK+2j87NGMu8Nwc/f48WoDAC395uomO9ZD117ZOBaHmkX1oyLvkVM/aIT3w==",
      "dev": true,
      "engines": {
        "node": ">=0.3.1"
      }
    },
    "node_modules/esbuild": {
      "version": "0.16.14",
      "resolved": "https://registry.npmjs.org/esbuild/-/esbuild-0.16.14.tgz",
      "integrity": "sha512-6xAn3O6ZZyoxZAEkwfI9hw4cEqSr/o1ViJtnkvImVkblmUN65Md04o0S/7H1WNu1XGf1Cjij/on7VO4psIYjkw==",
      "dev": true,
      "hasInstallScript": true,
      "bin": {
        "esbuild": "bin/esbuild"
      },
      "engines": {
        "node": ">=12"
      },
      "optionalDependencies": {
        "@esbuild/android-arm": "0.16.14",
        "@esbuild/android-arm64": "0.16.14",
        "@esbuild/android-x64": "0.16.14",
        "@esbuild/darwin-arm64": "0.16.14",
        "@esbuild/darwin-x64": "0.16.14",
        "@esbuild/freebsd-arm64": "0.16.14",
        "@esbuild/freebsd-x64": "0.16.14",
        "@esbuild/linux-arm": "0.16.14",
        "@esbuild/linux-arm64": "0.16.14",
        "@esbuild/linux-ia32": "0.16.14",
        "@esbuild/linux-loong64": "0.16.14",
        "@esbuild/linux-mips64el": "0.16.14",
        "@esbuild/linux-ppc64": "0.16.14",
        "@esbuild/linux-riscv64": "0.16.14",
        "@esbuild/linux-s390x": "0.16.14",
        "@esbuild/linux-x64": "0.16.14",
        "@esbuild/netbsd-x64": "0.16.14",
        "@esbuild/openbsd-x64": "0.16.14",
        "@esbuild/sunos-x64": "0.16.14",
        "@esbuild/win32-arm64": "0.16.14",
        "@esbuild/win32-ia32": "0.16.14",
        "@esbuild/win32-x64": "0.16.14"
      }
    },
    "node_modules/kleur": {
      "version": "4.1.4",
      "resolved": "https://registry.npmjs.org/kleur/-/kleur-4.1.4.tgz",
      "integrity": "sha512-8QADVssbrFjivHWQU7KkMgptGTl6WAcSdlbBPY4uNF+mWr6DGcKrvY2w4FQJoXch7+fKMjj0dRrL75vk3k23OA==",
      "dev": true,
      "engines": {
        "node": ">=6"
      }
    },
    "node_modules/mdn-data": {
      "version": "2.0.30",
      "resolved": "https://registry.npmjs.org/mdn-data/-/mdn-data-2.0.30.tgz",
      "integrity": "sha512-GaqWWShW4kv/G9IEucWScBx9G1/vsFZZJUO+tD26M8J8z3Kw5RDQjaoZe03YAClgeS/SWPOcb4nkFBTEi5DUEA=="
    },
    "node_modules/mri": {
      "version": "1.2.0",
      "resolved": "https://registry.npmjs.org/mri/-/mri-1.2.0.tgz",
      "integrity": "sha512-tzzskb3bG8LvYGFF/mDTpq3jpI6Q9wc3LEmBaghu+DdCssd1FakN7Bc0hVNmEyGq1bq3RgfkCb3cmQLpNPOroA==",
      "dev": true,
      "engines": {
        "node": ">=4"
      }
    },
    "node_modules/picocolors": {
      "version": "1.0.0",
      "resolved": "https://registry.npmjs.org/picocolors/-/picocolors-1.0.0.tgz",
      "integrity": "sha512-1fygroTLlHu66zi26VoTDv8yRgm0Fccecssto+MhsZ0D/DGW2sm8E8AjW7NU5VVTRt5GxbeZ5qBuJr+HyLYkjQ=="
    },
    "node_modules/sade": {
      "version": "1.8.1",
      "resolved": "https://registry.npmjs.org/sade/-/sade-1.8.1.tgz",
      "integrity": "sha512-xal3CZX1Xlo/k4ApwCFrHVACi9fBqJ7V+mwhBsuf/1IOKbBy098Fex+Wa/5QMubw09pSZ/u8EY8PWgevJsXp1A==",
      "dev": true,
      "dependencies": {
        "mri": "^1.1.0"
      },
      "engines": {
        "node": ">=6"
      }
    },
    "node_modules/source-map-js": {
      "version": "1.0.2",
      "resolved": "https://registry.npmjs.org/source-map-js/-/source-map-js-1.0.2.tgz",
      "integrity": "sha512-R0XvVJ9WusLiqTCEiGCmICCMplcCkIwwR11mOSD9CR5u+IXYdiseeEuXCVAjS54zqwkLcPNnmU4OeJ6tUrWhDw==",
      "engines": {
        "node": ">=0.10.0"
      }
    },
    "node_modules/uvu": {
      "version": "0.5.6",
      "resolved": "https://registry.npmjs.org/uvu/-/uvu-0.5.6.tgz",
      "integrity": "sha512-+g8ENReyr8YsOc6fv/NVJs2vFdHBnBNdfE49rshrTzDWOlUx4Gq7KOS2GD8eqhy2j+Ejq29+SbKH8yjkAqXqoA==",
      "dev": true,
      "dependencies": {
        "dequal": "^2.0.0",
        "diff": "^5.0.0",
        "kleur": "^4.0.3",
        "sade": "^1.7.3"
      },
      "bin": {
        "uvu": "bin.js"
      },
      "engines": {
        "node": ">=8"
      }
    }
  },
  "dependencies": {
    "@bramus/specificity": {
      "version": "2.2.0",
      "resolved": "https://registry.npmjs.org/@bramus/specificity/-/specificity-2.2.0.tgz",
      "integrity": "sha512-75yrCYDCwWNHCw//6E+4eZYRCMib5HxXqSjwUMLamlinZGKE6IpaAHn8a6QY1eqZxUIl3B/V9pth+ZC9hLoIzg==",
      "requires": {
        "css-tree": "^2.3.1"
      }
    },
    "@esbuild/android-arm": {
      "version": "0.16.14",
      "resolved": "https://registry.npmjs.org/@esbuild/android-arm/-/android-arm-0.16.14.tgz",
      "integrity": "sha512-u0rITLxFIeYAvtJXBQNhNuV4YZe+MD1YvIWT7Nicj8hZAtRVZk2PgNH6KclcKDVHz1ChLKXRfX7d7tkbQBUfrg==",
      "dev": true,
      "optional": true
    },
    "@esbuild/android-arm64": {
      "version": "0.16.14",
      "resolved": "https://registry.npmjs.org/@esbuild/android-arm64/-/android-arm64-0.16.14.tgz",
      "integrity": "sha512-hTqB6Iq13pW4xaydeqQrs8vPntUnMjbkq+PgGiBMi69eYk74naG2ftHWqKnxn874kNrt5Or3rQ0PJutx2doJuQ==",
      "dev": true,
      "optional": true
    },
    "@esbuild/android-x64": {
      "version": "0.16.14",
      "resolved": "https://registry.npmjs.org/@esbuild/android-x64/-/android-x64-0.16.14.tgz",
      "integrity": "sha512-jir51K4J0K5Rt0KOcippjSNdOl7akKDVz5I6yrqdk4/m9y+rldGptQUF7qU4YpX8U61LtR+w2Tu2Ph+K/UaJOw==",
      "dev": true,
      "optional": true
    },
    "@esbuild/darwin-arm64": {
      "version": "0.16.14",
      "resolved": "https://registry.npmjs.org/@esbuild/darwin-arm64/-/darwin-arm64-0.16.14.tgz",
      "integrity": "sha512-vrlaP81IuwPaw1fyX8fHCmivP3Gr73ojVEZy+oWJLAiZVcG8o8Phwun/XDnYIFUHxIoUnMFEpg9o38MIvlw8zw==",
      "dev": true,
      "optional": true
    },
    "@esbuild/darwin-x64": {
      "version": "0.16.14",
      "resolved": "https://registry.npmjs.org/@esbuild/darwin-x64/-/darwin-x64-0.16.14.tgz",
      "integrity": "sha512-KV1E01eC2hGYA2qzFDRCK4wdZCRUvMwCNcobgpiiOzp5QXpJBqFPdxI69j8vvzuU7oxFXDgANwEkXvpeQqyOyg==",
      "dev": true,
      "optional": true
    },
    "@esbuild/freebsd-arm64": {
      "version": "0.16.14",
      "resolved": "https://registry.npmjs.org/@esbuild/freebsd-arm64/-/freebsd-arm64-0.16.14.tgz",
      "integrity": "sha512-xRM1RQsazSvL42BNa5XC7ytD4ZDp0ZyJcH7aB0SlYUcHexJUKiDNKR7dlRVlpt6W0DvoRPU2nWK/9/QWS4u2fw==",
      "dev": true,
      "optional": true
    },
    "@esbuild/freebsd-x64": {
      "version": "0.16.14",
      "resolved": "https://registry.npmjs.org/@esbuild/freebsd-x64/-/freebsd-x64-0.16.14.tgz",
      "integrity": "sha512-7ALTAn6YRRf1O6fw9jmn0rWmOx3XfwDo7njGtjy1LXhDGUjTY/vohEPM3ii5MQ411vJv1r498EEx2aBQTJcrEw==",
      "dev": true,
      "optional": true
    },
    "@esbuild/linux-arm": {
      "version": "0.16.14",
      "resolved": "https://registry.npmjs.org/@esbuild/linux-arm/-/linux-arm-0.16.14.tgz",
      "integrity": "sha512-X6xULug66ulrr4IzrW7qq+eq9n4MtEyagdWvj4o4cmWr+JXOT47atjpDF9j5M2zHY0UQBmqnHhwl+tXpkpIb2w==",
      "dev": true,
      "optional": true
    },
    "@esbuild/linux-arm64": {
      "version": "0.16.14",
      "resolved": "https://registry.npmjs.org/@esbuild/linux-arm64/-/linux-arm64-0.16.14.tgz",
      "integrity": "sha512-TLh2OcbBUQcMYRH4GbiDkDZfZ4t1A3GgmeXY27dHSI6xrU7IkO00MGBiJySmEV6sH3Wa6pAN6UtaVL0DwkGW4Q==",
      "dev": true,
      "optional": true
    },
    "@esbuild/linux-ia32": {
      "version": "0.16.14",
      "resolved": "https://registry.npmjs.org/@esbuild/linux-ia32/-/linux-ia32-0.16.14.tgz",
      "integrity": "sha512-oBZkcZ56UZDFCAfE3Fd/Jgy10EoS7Td77NzNGenM+HSY8BkdQAcI9VF9qgwdOLZ+tuftWD7UqZ26SAhtvA3XhA==",
      "dev": true,
      "optional": true
    },
    "@esbuild/linux-loong64": {
      "version": "0.16.14",
      "resolved": "https://registry.npmjs.org/@esbuild/linux-loong64/-/linux-loong64-0.16.14.tgz",
      "integrity": "sha512-udz/aEHTcuHP+xdWOJmZ5C9RQXHfZd/EhCnTi1Hfay37zH3lBxn/fNs85LA9HlsniFw2zccgcbrrTMKk7Cn1Qg==",
      "dev": true,
      "optional": true
    },
    "@esbuild/linux-mips64el": {
      "version": "0.16.14",
      "resolved": "https://registry.npmjs.org/@esbuild/linux-mips64el/-/linux-mips64el-0.16.14.tgz",
      "integrity": "sha512-kJ2iEnikUOdC1SiTGbH0fJUgpZwa0ITDTvj9EHf9lm3I0hZ4Yugsb3M6XSl696jVxrEocLe519/8CbSpQWFSrg==",
      "dev": true,
      "optional": true
    },
    "@esbuild/linux-ppc64": {
      "version": "0.16.14",
      "resolved": "https://registry.npmjs.org/@esbuild/linux-ppc64/-/linux-ppc64-0.16.14.tgz",
      "integrity": "sha512-kclKxvZvX5YhykwlJ/K9ljiY4THe5vXubXpWmr7q3Zu3WxKnUe1VOZmhkEZlqtnJx31GHPEV4SIG95IqTdfgfg==",
      "dev": true,
      "optional": true
    },
    "@esbuild/linux-riscv64": {
      "version": "0.16.14",
      "resolved": "https://registry.npmjs.org/@esbuild/linux-riscv64/-/linux-riscv64-0.16.14.tgz",
      "integrity": "sha512-fdwP9Dc+Kx/cZwp9T9kNqjAE/PQjfrxbio4rZ3XnC3cVvZBjuxpkiyu/tuCwt6SbAK5th6AYNjFdEV9kGC020A==",
      "dev": true,
      "optional": true
    },
    "@esbuild/linux-s390x": {
      "version": "0.16.14",
      "resolved": "https://registry.npmjs.org/@esbuild/linux-s390x/-/linux-s390x-0.16.14.tgz",
      "integrity": "sha512-++fw3P4fQk9nqvdzbANRqimKspL8pDCnSpXomyhV7V/ISha/BZIYvZwLBWVKp9CVWKwWPJ4ktsezuLIvlJRHqA==",
      "dev": true,
      "optional": true
    },
    "@esbuild/linux-x64": {
      "version": "0.16.14",
      "resolved": "https://registry.npmjs.org/@esbuild/linux-x64/-/linux-x64-0.16.14.tgz",
      "integrity": "sha512-TomtswAuzBf2NnddlrS4W01Tv85RM9YtATB3OugY6On0PLM4Ksz5qvQKVAjtzPKoLgL1FiZtfc8mkZc4IgoMEA==",
      "dev": true,
      "optional": true
    },
    "@esbuild/netbsd-x64": {
      "version": "0.16.14",
      "resolved": "https://registry.npmjs.org/@esbuild/netbsd-x64/-/netbsd-x64-0.16.14.tgz",
      "integrity": "sha512-U06pfx8P5CqyoPNfqIJmnf+5/r4mJ1S62G4zE6eOjS59naQcxi6GnscUCPH3b+hRG0qdKoGX49RAyiqW+M9aSw==",
      "dev": true,
      "optional": true
    },
    "@esbuild/openbsd-x64": {
      "version": "0.16.14",
      "resolved": "https://registry.npmjs.org/@esbuild/openbsd-x64/-/openbsd-x64-0.16.14.tgz",
      "integrity": "sha512-/Jl8XVaWEZNu9rZw+n792GIBupQwHo6GDoapHSb/2xp/Ku28eK6QpR2O9cPBkzHH4OOoMH0LB6zg/qczJ5TTGg==",
      "dev": true,
      "optional": true
    },
    "@esbuild/sunos-x64": {
      "version": "0.16.14",
      "resolved": "https://registry.npmjs.org/@esbuild/sunos-x64/-/sunos-x64-0.16.14.tgz",
      "integrity": "sha512-2iI7D34uTbDn/TaSiUbEHz+fUa8KbN90vX5yYqo12QGpu6T8Jl+kxODsWuMCwoTVlqUpwfPV22nBbFPME9OPtw==",
      "dev": true,
      "optional": true
    },
    "@esbuild/win32-arm64": {
      "version": "0.16.14",
      "resolved": "https://registry.npmjs.org/@esbuild/win32-arm64/-/win32-arm64-0.16.14.tgz",
      "integrity": "sha512-SjlM7AHmQVTiGBJE/nqauY1aDh80UBsXZ94g4g60CDkrDMseatiqALVcIuElg4ZSYzJs8hsg5W6zS2zLpZTVgg==",
      "dev": true,
      "optional": true
    },
    "@esbuild/win32-ia32": {
      "version": "0.16.14",
      "resolved": "https://registry.npmjs.org/@esbuild/win32-ia32/-/win32-ia32-0.16.14.tgz",
      "integrity": "sha512-z06t5zqk8ak0Xom5HG81z2iOQ1hNWYsFQp3sczVLVx+dctWdgl80tNRyTbwjaFfui2vFO12dfE3trCTvA+HO4g==",
      "dev": true,
      "optional": true
    },
    "@esbuild/win32-x64": {
      "version": "0.16.14",
      "resolved": "https://registry.npmjs.org/@esbuild/win32-x64/-/win32-x64-0.16.14.tgz",
      "integrity": "sha512-ED1UpWcM6lAbalbbQ9TrGqJh4Y9TaASUvu8bI/0mgJcxhSByJ6rbpgqRhxYMaQ682WfA71nxUreaTO7L275zrw==",
      "dev": true,
      "optional": true
    },
    "@projectwallace/css-analyzer": {
      "version": "5.7.1",
      "resolved": "https://registry.npmjs.org/@projectwallace/css-analyzer/-/css-analyzer-5.7.1.tgz",
      "integrity": "sha512-KDc4LzatdbKyuomIBzefZ6mA4s9eAWsWOUgDxabwoLSwYle/NqDHoPK080yjymKwpQrHlp3iEbSr757jeySTXA==",
      "requires": {
        "@bramus/specificity": "^2.2.0",
        "css-tree": "^2.3.1"
      }
    },
    "css-tree": {
      "version": "2.3.1",
      "resolved": "https://registry.npmjs.org/css-tree/-/css-tree-2.3.1.tgz",
      "integrity": "sha512-6Fv1DV/TYw//QF5IzQdqsNDjx/wc8TrMBZsqjL9eW01tWb7R7k/mq+/VXfJCl7SoD5emsJop9cOByJZfs8hYIw==",
      "requires": {
        "mdn-data": "2.0.30",
        "source-map-js": "^1.0.1"
      }
    },
    "dequal": {
      "version": "2.0.2",
      "resolved": "https://registry.npmjs.org/dequal/-/dequal-2.0.2.tgz",
      "integrity": "sha512-q9K8BlJVxK7hQYqa6XISGmBZbtQQWVXSrRrWreHC94rMt1QL/Impruc+7p2CYSYuVIUr+YCt6hjrs1kkdJRTug==",
      "dev": true
    },
    "diff": {
      "version": "5.0.0",
      "resolved": "https://registry.npmjs.org/diff/-/diff-5.0.0.tgz",
      "integrity": "sha512-/VTCrvm5Z0JGty/BWHljh+BAiw3IK+2j87NGMu8Nwc/f48WoDAC395uomO9ZD117ZOBaHmkX1oyLvkVM/aIT3w==",
      "dev": true
    },
    "esbuild": {
      "version": "0.16.14",
      "resolved": "https://registry.npmjs.org/esbuild/-/esbuild-0.16.14.tgz",
      "integrity": "sha512-6xAn3O6ZZyoxZAEkwfI9hw4cEqSr/o1ViJtnkvImVkblmUN65Md04o0S/7H1WNu1XGf1Cjij/on7VO4psIYjkw==",
      "dev": true,
      "requires": {
        "@esbuild/android-arm": "0.16.14",
        "@esbuild/android-arm64": "0.16.14",
        "@esbuild/android-x64": "0.16.14",
        "@esbuild/darwin-arm64": "0.16.14",
        "@esbuild/darwin-x64": "0.16.14",
        "@esbuild/freebsd-arm64": "0.16.14",
        "@esbuild/freebsd-x64": "0.16.14",
        "@esbuild/linux-arm": "0.16.14",
        "@esbuild/linux-arm64": "0.16.14",
        "@esbuild/linux-ia32": "0.16.14",
        "@esbuild/linux-loong64": "0.16.14",
        "@esbuild/linux-mips64el": "0.16.14",
        "@esbuild/linux-ppc64": "0.16.14",
        "@esbuild/linux-riscv64": "0.16.14",
        "@esbuild/linux-s390x": "0.16.14",
        "@esbuild/linux-x64": "0.16.14",
        "@esbuild/netbsd-x64": "0.16.14",
        "@esbuild/openbsd-x64": "0.16.14",
        "@esbuild/sunos-x64": "0.16.14",
        "@esbuild/win32-arm64": "0.16.14",
        "@esbuild/win32-ia32": "0.16.14",
        "@esbuild/win32-x64": "0.16.14"
      }
    },
    "kleur": {
      "version": "4.1.4",
      "resolved": "https://registry.npmjs.org/kleur/-/kleur-4.1.4.tgz",
      "integrity": "sha512-8QADVssbrFjivHWQU7KkMgptGTl6WAcSdlbBPY4uNF+mWr6DGcKrvY2w4FQJoXch7+fKMjj0dRrL75vk3k23OA==",
      "dev": true
    },
    "mdn-data": {
      "version": "2.0.30",
      "resolved": "https://registry.npmjs.org/mdn-data/-/mdn-data-2.0.30.tgz",
      "integrity": "sha512-GaqWWShW4kv/G9IEucWScBx9G1/vsFZZJUO+tD26M8J8z3Kw5RDQjaoZe03YAClgeS/SWPOcb4nkFBTEi5DUEA=="
    },
    "mri": {
      "version": "1.2.0",
      "resolved": "https://registry.npmjs.org/mri/-/mri-1.2.0.tgz",
      "integrity": "sha512-tzzskb3bG8LvYGFF/mDTpq3jpI6Q9wc3LEmBaghu+DdCssd1FakN7Bc0hVNmEyGq1bq3RgfkCb3cmQLpNPOroA==",
      "dev": true
    },
    "picocolors": {
      "version": "1.0.0",
      "resolved": "https://registry.npmjs.org/picocolors/-/picocolors-1.0.0.tgz",
      "integrity": "sha512-1fygroTLlHu66zi26VoTDv8yRgm0Fccecssto+MhsZ0D/DGW2sm8E8AjW7NU5VVTRt5GxbeZ5qBuJr+HyLYkjQ=="
    },
    "sade": {
      "version": "1.8.1",
      "resolved": "https://registry.npmjs.org/sade/-/sade-1.8.1.tgz",
      "integrity": "sha512-xal3CZX1Xlo/k4ApwCFrHVACi9fBqJ7V+mwhBsuf/1IOKbBy098Fex+Wa/5QMubw09pSZ/u8EY8PWgevJsXp1A==",
      "dev": true,
      "requires": {
        "mri": "^1.1.0"
      }
    },
    "source-map-js": {
      "version": "1.0.2",
      "resolved": "https://registry.npmjs.org/source-map-js/-/source-map-js-1.0.2.tgz",
      "integrity": "sha512-R0XvVJ9WusLiqTCEiGCmICCMplcCkIwwR11mOSD9CR5u+IXYdiseeEuXCVAjS54zqwkLcPNnmU4OeJ6tUrWhDw=="
    },
    "uvu": {
      "version": "0.5.6",
      "resolved": "https://registry.npmjs.org/uvu/-/uvu-0.5.6.tgz",
      "integrity": "sha512-+g8ENReyr8YsOc6fv/NVJs2vFdHBnBNdfE49rshrTzDWOlUx4Gq7KOS2GD8eqhy2j+Ejq29+SbKH8yjkAqXqoA==",
      "dev": true,
      "requires": {
        "dequal": "^2.0.0",
        "diff": "^5.0.0",
        "kleur": "^4.0.3",
        "sade": "^1.7.3"
      }
    }
  }
}
