{
  "name": "wallace-cli",
  "version": "2.5.0",
  "lockfileVersion": 2,
  "requires": true,
  "packages": {
    "": {
      "name": "wallace-cli",
      "version": "2.5.0",
      "license": "MIT",
      "dependencies": {
        "@projectwallace/css-analyzer": "^5.1.0",
        "get-stdin": "^9.0.0",
        "picocolors": "^1.0.0"
      },
      "bin": {
        "wallace": "src/index.js"
      },
      "engines": {
        "node": ">= 8"
      }
    },
    "node_modules/@projectwallace/css-analyzer": {
      "version": "5.1.0",
      "resolved": "https://registry.npmjs.org/@projectwallace/css-analyzer/-/css-analyzer-5.1.0.tgz",
      "integrity": "sha512-FJ3Ukw07xeTMWocbQmgJuY0llmZEsivMCzEBiwjazBJ3SxjQaV2tY3beSuuDgzWXju8BEjqnkmRCmHkWkGFuyw==",
      "dependencies": {
        "css-tree": "^2.0.1"
      },
      "engines": {
        "node": "^12.20.0 || ^14.13.1 || >=16.0.0"
      }
    },
    "node_modules/css-tree": {
      "version": "2.0.4",
      "resolved": "https://registry.npmjs.org/css-tree/-/css-tree-2.0.4.tgz",
      "integrity": "sha512-b4IS9ZUMtGBiNjzYbcj9JhYbyei99R3ai2CSxlu8GQDnoPA/P+NU85hAm0eKDc/Zp660rpK6tFJQ2OSdacMHVg==",
      "dependencies": {
        "mdn-data": "2.0.23",
        "source-map-js": "^1.0.1"
      },
      "engines": {
        "node": "^10 || ^12.20.0 || ^14.13.0 || >=15.0.0",
        "npm": ">=7.0.0"
      }
    },
    "node_modules/get-stdin": {
      "version": "9.0.0",
      "resolved": "https://registry.npmjs.org/get-stdin/-/get-stdin-9.0.0.tgz",
      "integrity": "sha512-dVKBjfWisLAicarI2Sf+JuBE/DghV4UzNAVe9yhEJuzeREd3JhOTE9cUaJTeSa77fsbQUK3pcOpJfM59+VKZaA==",
      "engines": {
        "node": ">=12"
      },
      "funding": {
        "url": "https://github.com/sponsors/sindresorhus"
      }
    },
    "node_modules/mdn-data": {
      "version": "2.0.23",
      "resolved": "https://registry.npmjs.org/mdn-data/-/mdn-data-2.0.23.tgz",
      "integrity": "sha512-IonVb7pfla2U4zW8rc7XGrtgq11BvYeCxWN8HS+KFBnLDE7XDK9AAMVhRuG6fj9BBsjc69Fqsp6WEActEdNTDQ=="
    },
    "node_modules/picocolors": {
      "version": "1.0.0",
      "resolved": "https://registry.npmjs.org/picocolors/-/picocolors-1.0.0.tgz",
      "integrity": "sha512-1fygroTLlHu66zi26VoTDv8yRgm0Fccecssto+MhsZ0D/DGW2sm8E8AjW7NU5VVTRt5GxbeZ5qBuJr+HyLYkjQ=="
    },
    "node_modules/source-map-js": {
      "version": "1.0.2",
      "resolved": "https://registry.npmjs.org/source-map-js/-/source-map-js-1.0.2.tgz",
      "integrity": "sha512-R0XvVJ9WusLiqTCEiGCmICCMplcCkIwwR11mOSD9CR5u+IXYdiseeEuXCVAjS54zqwkLcPNnmU4OeJ6tUrWhDw==",
      "engines": {
        "node": ">=0.10.0"
      }
    }
  },
  "dependencies": {
    "@projectwallace/css-analyzer": {
      "version": "5.1.0",
      "resolved": "https://registry.npmjs.org/@projectwallace/css-analyzer/-/css-analyzer-5.1.0.tgz",
      "integrity": "sha512-FJ3Ukw07xeTMWocbQmgJuY0llmZEsivMCzEBiwjazBJ3SxjQaV2tY3beSuuDgzWXju8BEjqnkmRCmHkWkGFuyw==",
      "requires": {
        "css-tree": "^2.0.1"
      }
    },
    "css-tree": {
      "version": "2.0.4",
      "resolved": "https://registry.npmjs.org/css-tree/-/css-tree-2.0.4.tgz",
      "integrity": "sha512-b4IS9ZUMtGBiNjzYbcj9JhYbyei99R3ai2CSxlu8GQDnoPA/P+NU85hAm0eKDc/Zp660rpK6tFJQ2OSdacMHVg==",
      "requires": {
        "mdn-data": "2.0.23",
        "source-map-js": "^1.0.1"
      }
    },
    "get-stdin": {
      "version": "9.0.0",
      "resolved": "https://registry.npmjs.org/get-stdin/-/get-stdin-9.0.0.tgz",
      "integrity": "sha512-dVKBjfWisLAicarI2Sf+JuBE/DghV4UzNAVe9yhEJuzeREd3JhOTE9cUaJTeSa77fsbQUK3pcOpJfM59+VKZaA=="
    },
    "mdn-data": {
      "version": "2.0.23",
      "resolved": "https://registry.npmjs.org/mdn-data/-/mdn-data-2.0.23.tgz",
      "integrity": "sha512-IonVb7pfla2U4zW8rc7XGrtgq11BvYeCxWN8HS+KFBnLDE7XDK9AAMVhRuG6fj9BBsjc69Fqsp6WEActEdNTDQ=="
    },
    "picocolors": {
      "version": "1.0.0",
      "resolved": "https://registry.npmjs.org/picocolors/-/picocolors-1.0.0.tgz",
      "integrity": "sha512-1fygroTLlHu66zi26VoTDv8yRgm0Fccecssto+MhsZ0D/DGW2sm8E8AjW7NU5VVTRt5GxbeZ5qBuJr+HyLYkjQ=="
    },
    "source-map-js": {
      "version": "1.0.2",
      "resolved": "https://registry.npmjs.org/source-map-js/-/source-map-js-1.0.2.tgz",
      "integrity": "sha512-R0XvVJ9WusLiqTCEiGCmICCMplcCkIwwR11mOSD9CR5u+IXYdiseeEuXCVAjS54zqwkLcPNnmU4OeJ6tUrWhDw=="
    }
  }
}
